
Microsoft Visual Studio Solution File, Format Version 12.00
# Visual Studio 2012
Project("{FAE04EC0-301F-11D3-BF4B-00C04F79EFBC}") = "TestCSharp", "TestCSharp\TestCSharp.csproj", "{ADA841D1-AFA7-4BC3-A41C-2A1F8DBC1898}"
EndProject
Global
	GlobalSection(SolutionConfigurationPlatforms) = preSolution
		Debug|Any CPU = Debug|Any CPU
		Release|Any CPU = Release|Any CPU
	EndGlobalSection
	GlobalSection(ProjectConfigurationPlatforms) = postSolution
		{ADA841D1-AFA7-4BC3-A41C-2A1F8DBC1898}.Debug|Any CPU.ActiveCfg = Debug|Any CPU
		{ADA841D1-AFA7-4BC3-A41C-2A1F8DBC1898}.Debug|Any CPU.Build.0 = Debug|Any CPU
		{ADA841D1-AFA7-4BC3-A41C-2A1F8DBC1898}.Release|Any CPU.ActiveCfg = Release|Any CPU
		{ADA841D1-AFA7-4BC3-A41C-2A1F8DBC1898}.Release|Any CPU.Build.0 = Release|Any CPU
	EndGlobalSection
	GlobalSection(SolutionProperties) = preSolution
		HideSolutionNode = FALSE
	EndGlobalSection
EndGlobal
